
Microsoft Visual Studio Solution File, Format Version 12.00
# Visual Studio 15
VisualStudioVersion = 15.0.26430.15
MinimumVisualStudioVersion = 10.0.40219.1
Project("{9A19103F-16F7-4668-BE54-9A1E7A4F7556}") = "YAGLi", "src\YAGLi\YAGLi.csproj", "{F8DB4145-67B1-4D24-86F3-98611860CD0F}"
EndProject
Project("{FAE04EC0-301F-11D3-BF4B-00C04F79EFBC}") = "YAGLi.Tests", "tests\YAGLi.Tests\YAGLi.Tests.csproj", "{5A595601-CD8D-4270-AC50-C4E25BAC2E57}"
EndProject
Project("{FAE04EC0-301F-11D3-BF4B-00C04F79EFBC}") = "YAGLi.Specs", "tests\YAGLi.Specs\YAGLi.Specs.csproj", "{7819CF5C-92B5-42BE-A18F-AD542322D591}"
EndProject
Project("{2150E333-8FDC-42A3-9474-1A3956D46DE8}") = "Solution Items", "Solution Items", "{806E8E3B-3025-4A90-8C53-C21C9B448659}"
	ProjectSection(SolutionItems) = preProject
		.gitattributes = .gitattributes
		.gitignore = .gitignore
		appveyor.yml = appveyor.yml
		LICENSE = LICENSE
		README.md = README.md
	EndProjectSection
EndProject
Global
	GlobalSection(SolutionConfigurationPlatforms) = preSolution
		Debug|Any CPU = Debug|Any CPU
		Release|Any CPU = Release|Any CPU
	EndGlobalSection
	GlobalSection(ProjectConfigurationPlatforms) = postSolution
		{F8DB4145-67B1-4D24-86F3-98611860CD0F}.Debug|Any CPU.ActiveCfg = Debug|Any CPU
		{F8DB4145-67B1-4D24-86F3-98611860CD0F}.Debug|Any CPU.Build.0 = Debug|Any CPU
		{F8DB4145-67B1-4D24-86F3-98611860CD0F}.Release|Any CPU.ActiveCfg = Release|Any CPU
		{F8DB4145-67B1-4D24-86F3-98611860CD0F}.Release|Any CPU.Build.0 = Release|Any CPU
		{5A595601-CD8D-4270-AC50-C4E25BAC2E57}.Debug|Any CPU.ActiveCfg = Debug|Any CPU
		{5A595601-CD8D-4270-AC50-C4E25BAC2E57}.Debug|Any CPU.Build.0 = Debug|Any CPU
		{5A595601-CD8D-4270-AC50-C4E25BAC2E57}.Release|Any CPU.ActiveCfg = Release|Any CPU
		{5A595601-CD8D-4270-AC50-C4E25BAC2E57}.Release|Any CPU.Build.0 = Release|Any CPU
		{7819CF5C-92B5-42BE-A18F-AD542322D591}.Debug|Any CPU.ActiveCfg = Debug|Any CPU
		{7819CF5C-92B5-42BE-A18F-AD542322D591}.Debug|Any CPU.Build.0 = Debug|Any CPU
		{7819CF5C-92B5-42BE-A18F-AD542322D591}.Release|Any CPU.ActiveCfg = Release|Any CPU
		{7819CF5C-92B5-42BE-A18F-AD542322D591}.Release|Any CPU.Build.0 = Release|Any CPU
	EndGlobalSection
	GlobalSection(SolutionProperties) = preSolution
		HideSolutionNode = FALSE
	EndGlobalSection
EndGlobal
